
Microsoft Visual Studio Solution File, Format Version 12.00
# Visual Studio Version 17
VisualStudioVersion = 17.13.35931.197
MinimumVisualStudioVersion = 10.0.40219.1
Project("{FAE04EC0-301F-11D3-BF4B-00C04F79EFBC}") = "ExcelTemplate", "ExcelTemplate\ExcelTemplate.csproj", "{DC97EB67-1B1C-480B-ACAD-1AE5D00680A6}"
EndProject
Project("{2150E333-8FDC-42A3-9474-1A3956D46DE8}") = "docs", "docs", "{795852CB-1BC2-44F9-A469-F43AE3DB1BCB}"
	ProjectSection(SolutionItems) = preProject
		..\README.md = ..\README.md
	EndProjectSection
EndProject
Project("{FAE04EC0-301F-11D3-BF4B-00C04F79EFBC}") = "ExcelTemplate.Test", "ExcelTemplate.Test\ExcelTemplate.Test.csproj", "{FB6A49DF-FCA9-4255-BEEA-232C95F79E69}"
EndProject
Project("{2150E333-8FDC-42A3-9474-1A3956D46DE8}") = "github", "github", "{67C76122-3063-4B40-BA20-27B5BD606CCE}"
EndProject
Project("{2150E333-8FDC-42A3-9474-1A3956D46DE8}") = "workflows", "workflows", "{E2E61621-7FDD-4017-8D67-70152F40561E}"
	ProjectSection(SolutionItems) = preProject
		..\.github\workflows\unit_test.yml = ..\.github\workflows\unit_test.yml
	EndProjectSection
EndProject
Global
	GlobalSection(SolutionConfigurationPlatforms) = preSolution
		Debug|Any CPU = Debug|Any CPU
		Release|Any CPU = Release|Any CPU
	EndGlobalSection
	GlobalSection(ProjectConfigurationPlatforms) = postSolution
		{DC97EB67-1B1C-480B-ACAD-1AE5D00680A6}.Debug|Any CPU.ActiveCfg = Debug|Any CPU
		{DC97EB67-1B1C-480B-ACAD-1AE5D00680A6}.Debug|Any CPU.Build.0 = Debug|Any CPU
		{DC97EB67-1B1C-480B-ACAD-1AE5D00680A6}.Release|Any CPU.ActiveCfg = Release|Any CPU
		{DC97EB67-1B1C-480B-ACAD-1AE5D00680A6}.Release|Any CPU.Build.0 = Release|Any CPU
		{FB6A49DF-FCA9-4255-BEEA-232C95F79E69}.Debug|Any CPU.ActiveCfg = Debug|Any CPU
		{FB6A49DF-FCA9-4255-BEEA-232C95F79E69}.Debug|Any CPU.Build.0 = Debug|Any CPU
		{FB6A49DF-FCA9-4255-BEEA-232C95F79E69}.Release|Any CPU.ActiveCfg = Release|Any CPU
		{FB6A49DF-FCA9-4255-BEEA-232C95F79E69}.Release|Any CPU.Build.0 = Release|Any CPU
	EndGlobalSection
	GlobalSection(SolutionProperties) = preSolution
		HideSolutionNode = FALSE
	EndGlobalSection
	GlobalSection(NestedProjects) = preSolution
		{67C76122-3063-4B40-BA20-27B5BD606CCE} = {795852CB-1BC2-44F9-A469-F43AE3DB1BCB}
		{E2E61621-7FDD-4017-8D67-70152F40561E} = {67C76122-3063-4B40-BA20-27B5BD606CCE}
	EndGlobalSection
	GlobalSection(ExtensibilityGlobals) = postSolution
		SolutionGuid = {29122817-7507-4CE1-9191-44A9952CDFEF}
	EndGlobalSection
EndGlobal
